
Microsoft Visual Studio Solution File, Format Version 12.00
# Visual Studio Version 17
VisualStudioVersion = 17.1.32210.238
MinimumVisualStudioVersion = 10.0.40219.1
Project("{E53339B2-1760-4266-BCC7-CA923CBCF16C}") = "docker-compose", "docker-compose.dcproj", "{7C5EB45C-7E29-4732-93C1-398BA55E17D7}"
EndProject
Project("{2150E333-8FDC-42A3-9474-1A3956D46DE8}") = "Common", "Common", "{3802EF55-9DCB-4547-9BBE-8D2B306B5E9C}"
EndProject
Project("{2150E333-8FDC-42A3-9474-1A3956D46DE8}") = "Data", "Data", "{E7CBDA18-DCBC-48BD-8D27-B8EB1D1050F5}"
EndProject
Project("{2150E333-8FDC-42A3-9474-1A3956D46DE8}") = "Services", "Services", "{3E38E699-E8A4-407B-B824-CC294629E6B4}"
EndProject
Project("{2150E333-8FDC-42A3-9474-1A3956D46DE8}") = "UI", "UI", "{9919CB73-00D5-4135-90AB-3D913F8E2EA2}"
EndProject
Project("{9A19103F-16F7-4668-BE54-9A1E7A4F7556}") = "WebStore.Domain", "Common\WebStore.Domain\WebStore.Domain.csproj", "{F8707BF1-CCB5-46F7-82B2-5D9EEA6026A3}"
EndProject
Project("{9A19103F-16F7-4668-BE54-9A1E7A4F7556}") = "WebStore.DAL", "Data\WebStore.DAL\WebStore.DAL.csproj", "{8982AACC-4769-4795-82DC-77F66A2CA5CA}"
EndProject
Project("{9A19103F-16F7-4668-BE54-9A1E7A4F7556}") = "WebStore.DAL.Sqlite", "Data\WebStore.DAL.Sqlite\WebStore.DAL.Sqlite.csproj", "{169B271F-53CE-4BE0-B636-6B2A6DBDFE67}"
EndProject
Project("{9A19103F-16F7-4668-BE54-9A1E7A4F7556}") = "WebStore", "UI\WebStore\WebStore.csproj", "{B09BA35B-0A5E-4042-BDA2-0E356DD3518D}"
EndProject
Project("{2150E333-8FDC-42A3-9474-1A3956D46DE8}") = ".Tools", ".Tools", "{7BF8B388-F142-4F19-B014-A22C0E5CEC6E}"
	ProjectSection(SolutionItems) = preProject
		.gitignore = .gitignore
		ClearObj.bat = ClearObj.bat
	EndProjectSection
EndProject
Project("{9A19103F-16F7-4668-BE54-9A1E7A4F7556}") = "WebStore.Interfaces", "Services\WebStore.Interfaces\WebStore.Interfaces\WebStore.Interfaces.csproj", "{D0C254A5-626E-4352-B32D-B69015F841EB}"
EndProject
Project("{9A19103F-16F7-4668-BE54-9A1E7A4F7556}") = "WebStore.Services", "Services\WebStore.Services\WebStore.Services.csproj", "{897A71D6-9E41-4C2A-9246-A636E7B54D8C}"
EndProject
Project("{9A19103F-16F7-4668-BE54-9A1E7A4F7556}") = "WebStore.WebAPI", "Services\WebStore.WebAPI\WebStore.WebAPI.csproj", "{564BCCE1-DC35-4ACC-9A87-FC134D93610B}"
EndProject
Project("{9A19103F-16F7-4668-BE54-9A1E7A4F7556}") = "WebStore.WebAPI.Clients", "Services\WebStore.WebAPI.Clients\WebStore.WebAPI.Clients.csproj", "{1FBDB42A-AD46-4A10-AB5F-E2AC2475951C}"
EndProject
Project("{FAE04EC0-301F-11D3-BF4B-00C04F79EFBC}") = "WebStore.ConsoleUI", "UI\WebStore.ConsoleUI\WebStore.ConsoleUI.csproj", "{7986CFA3-C68A-4824-9CA8-7BD20E2194B8}"
EndProject
Global
	GlobalSection(SolutionConfigurationPlatforms) = preSolution
		Debug|Any CPU = Debug|Any CPU
		Release|Any CPU = Release|Any CPU
	EndGlobalSection
	GlobalSection(ProjectConfigurationPlatforms) = postSolution
		{7C5EB45C-7E29-4732-93C1-398BA55E17D7}.Debug|Any CPU.ActiveCfg = Debug|Any CPU
		{7C5EB45C-7E29-4732-93C1-398BA55E17D7}.Debug|Any CPU.Build.0 = Debug|Any CPU
		{7C5EB45C-7E29-4732-93C1-398BA55E17D7}.Release|Any CPU.ActiveCfg = Release|Any CPU
		{7C5EB45C-7E29-4732-93C1-398BA55E17D7}.Release|Any CPU.Build.0 = Release|Any CPU
		{F8707BF1-CCB5-46F7-82B2-5D9EEA6026A3}.Debug|Any CPU.ActiveCfg = Debug|Any CPU
		{F8707BF1-CCB5-46F7-82B2-5D9EEA6026A3}.Debug|Any CPU.Build.0 = Debug|Any CPU
		{F8707BF1-CCB5-46F7-82B2-5D9EEA6026A3}.Release|Any CPU.ActiveCfg = Release|Any CPU
		{F8707BF1-CCB5-46F7-82B2-5D9EEA6026A3}.Release|Any CPU.Build.0 = Release|Any CPU
		{8982AACC-4769-4795-82DC-77F66A2CA5CA}.Debug|Any CPU.ActiveCfg = Debug|Any CPU
		{8982AACC-4769-4795-82DC-77F66A2CA5CA}.Debug|Any CPU.Build.0 = Debug|Any CPU
		{8982AACC-4769-4795-82DC-77F66A2CA5CA}.Release|Any CPU.ActiveCfg = Release|Any CPU
		{8982AACC-4769-4795-82DC-77F66A2CA5CA}.Release|Any CPU.Build.0 = Release|Any CPU
		{169B271F-53CE-4BE0-B636-6B2A6DBDFE67}.Debug|Any CPU.ActiveCfg = Debug|Any CPU
		{169B271F-53CE-4BE0-B636-6B2A6DBDFE67}.Debug|Any CPU.Build.0 = Debug|Any CPU
		{169B271F-53CE-4BE0-B636-6B2A6DBDFE67}.Release|Any CPU.ActiveCfg = Release|Any CPU
		{169B271F-53CE-4BE0-B636-6B2A6DBDFE67}.Release|Any CPU.Build.0 = Release|Any CPU
		{B09BA35B-0A5E-4042-BDA2-0E356DD3518D}.Debug|Any CPU.ActiveCfg = Debug|Any CPU
		{B09BA35B-0A5E-4042-BDA2-0E356DD3518D}.Debug|Any CPU.Build.0 = Debug|Any CPU
		{B09BA35B-0A5E-4042-BDA2-0E356DD3518D}.Release|Any CPU.ActiveCfg = Release|Any CPU
		{B09BA35B-0A5E-4042-BDA2-0E356DD3518D}.Release|Any CPU.Build.0 = Release|Any CPU
		{D0C254A5-626E-4352-B32D-B69015F841EB}.Debug|Any CPU.ActiveCfg = Debug|Any CPU
		{D0C254A5-626E-4352-B32D-B69015F841EB}.Debug|Any CPU.Build.0 = Debug|Any CPU
		{D0C254A5-626E-4352-B32D-B69015F841EB}.Release|Any CPU.ActiveCfg = Release|Any CPU
		{D0C254A5-626E-4352-B32D-B69015F841EB}.Release|Any CPU.Build.0 = Release|Any CPU
		{897A71D6-9E41-4C2A-9246-A636E7B54D8C}.Debug|Any CPU.ActiveCfg = Debug|Any CPU
		{897A71D6-9E41-4C2A-9246-A636E7B54D8C}.Debug|Any CPU.Build.0 = Debug|Any CPU
		{897A71D6-9E41-4C2A-9246-A636E7B54D8C}.Release|Any CPU.ActiveCfg = Release|Any CPU
		{897A71D6-9E41-4C2A-9246-A636E7B54D8C}.Release|Any CPU.Build.0 = Release|Any CPU
		{564BCCE1-DC35-4ACC-9A87-FC134D93610B}.Debug|Any CPU.ActiveCfg = Debug|Any CPU
		{564BCCE1-DC35-4ACC-9A87-FC134D93610B}.Debug|Any CPU.Build.0 = Debug|Any CPU
		{564BCCE1-DC35-4ACC-9A87-FC134D93610B}.Release|Any CPU.ActiveCfg = Release|Any CPU
		{564BCCE1-DC35-4ACC-9A87-FC134D93610B}.Release|Any CPU.Build.0 = Release|Any CPU
		{1FBDB42A-AD46-4A10-AB5F-E2AC2475951C}.Debug|Any CPU.ActiveCfg = Debug|Any CPU
		{1FBDB42A-AD46-4A10-AB5F-E2AC2475951C}.Debug|Any CPU.Build.0 = Debug|Any CPU
		{1FBDB42A-AD46-4A10-AB5F-E2AC2475951C}.Release|Any CPU.ActiveCfg = Release|Any CPU
		{1FBDB42A-AD46-4A10-AB5F-E2AC2475951C}.Release|Any CPU.Build.0 = Release|Any CPU
		{7986CFA3-C68A-4824-9CA8-7BD20E2194B8}.Debug|Any CPU.ActiveCfg = Debug|Any CPU
		{7986CFA3-C68A-4824-9CA8-7BD20E2194B8}.Debug|Any CPU.Build.0 = Debug|Any CPU
		{7986CFA3-C68A-4824-9CA8-7BD20E2194B8}.Release|Any CPU.ActiveCfg = Release|Any CPU
		{7986CFA3-C68A-4824-9CA8-7BD20E2194B8}.Release|Any CPU.Build.0 = Release|Any CPU
	EndGlobalSection
	GlobalSection(SolutionProperties) = preSolution
		HideSolutionNode = FALSE
	EndGlobalSection
	GlobalSection(NestedProjects) = preSolution
		{F8707BF1-CCB5-46F7-82B2-5D9EEA6026A3} = {3802EF55-9DCB-4547-9BBE-8D2B306B5E9C}
		{8982AACC-4769-4795-82DC-77F66A2CA5CA} = {E7CBDA18-DCBC-48BD-8D27-B8EB1D1050F5}
		{169B271F-53CE-4BE0-B636-6B2A6DBDFE67} = {E7CBDA18-DCBC-48BD-8D27-B8EB1D1050F5}
		{B09BA35B-0A5E-4042-BDA2-0E356DD3518D} = {9919CB73-00D5-4135-90AB-3D913F8E2EA2}
		{D0C254A5-626E-4352-B32D-B69015F841EB} = {3E38E699-E8A4-407B-B824-CC294629E6B4}
		{897A71D6-9E41-4C2A-9246-A636E7B54D8C} = {3E38E699-E8A4-407B-B824-CC294629E6B4}
		{564BCCE1-DC35-4ACC-9A87-FC134D93610B} = {3E38E699-E8A4-407B-B824-CC294629E6B4}
		{1FBDB42A-AD46-4A10-AB5F-E2AC2475951C} = {3E38E699-E8A4-407B-B824-CC294629E6B4}
		{7986CFA3-C68A-4824-9CA8-7BD20E2194B8} = {9919CB73-00D5-4135-90AB-3D913F8E2EA2}
	EndGlobalSection
	GlobalSection(ExtensibilityGlobals) = postSolution
		SolutionGuid = {8DB1D016-D3B2-4E36-A816-C0A2E0724EBB}
	EndGlobalSection
EndGlobal
